
Microsoft Visual Studio Solution File, Format Version 12.00
# Visual Studio Version 16
VisualStudioVersion = 16.0.31911.196
MinimumVisualStudioVersion = 10.0.40219.1
Project("{FAE04EC0-301F-11D3-BF4B-00C04F79EFBC}") = "Presentation", "Presentation\Presentation.csproj", "{566485B3-C1C6-47B4-A7C7-B229FA5A3B30}"
EndProject
Project("{9A19103F-16F7-4668-BE54-9A1E7A4F7556}") = "Repo", "Repo\Repo.csproj", "{31E6A0FF-DCD4-43F3-B53C-30224299C44C}"
EndProject
Project("{9A19103F-16F7-4668-BE54-9A1E7A4F7556}") = "Business", "Business\Business.csproj", "{B9F9EBA3-8702-4CED-B22D-C9AE015B8BFB}"
EndProject
Project("{9A19103F-16F7-4668-BE54-9A1E7A4F7556}") = "DataAccess", "DataAccess\DataAccess.csproj", "{7E98A20F-F936-4B41-8EA7-05334405F418}"
EndProject
Project("{9A19103F-16F7-4668-BE54-9A1E7A4F7556}") = "DTO", "DTO\DTO.csproj", "{E1158606-AC31-4FC9-B3DE-0318FAEAC901}"
EndProject
Global
	GlobalSection(SolutionConfigurationPlatforms) = preSolution
		Debug|Any CPU = Debug|Any CPU
		Release|Any CPU = Release|Any CPU
	EndGlobalSection
	GlobalSection(ProjectConfigurationPlatforms) = postSolution
		{566485B3-C1C6-47B4-A7C7-B229FA5A3B30}.Debug|Any CPU.ActiveCfg = Debug|Any CPU
		{566485B3-C1C6-47B4-A7C7-B229FA5A3B30}.Debug|Any CPU.Build.0 = Debug|Any CPU
		{566485B3-C1C6-47B4-A7C7-B229FA5A3B30}.Release|Any CPU.ActiveCfg = Release|Any CPU
		{566485B3-C1C6-47B4-A7C7-B229FA5A3B30}.Release|Any CPU.Build.0 = Release|Any CPU
		{31E6A0FF-DCD4-43F3-B53C-30224299C44C}.Debug|Any CPU.ActiveCfg = Debug|Any CPU
		{31E6A0FF-DCD4-43F3-B53C-30224299C44C}.Debug|Any CPU.Build.0 = Debug|Any CPU
		{31E6A0FF-DCD4-43F3-B53C-30224299C44C}.Release|Any CPU.ActiveCfg = Release|Any CPU
		{31E6A0FF-DCD4-43F3-B53C-30224299C44C}.Release|Any CPU.Build.0 = Release|Any CPU
		{B9F9EBA3-8702-4CED-B22D-C9AE015B8BFB}.Debug|Any CPU.ActiveCfg = Debug|Any CPU
		{B9F9EBA3-8702-4CED-B22D-C9AE015B8BFB}.Debug|Any CPU.Build.0 = Debug|Any CPU
		{B9F9EBA3-8702-4CED-B22D-C9AE015B8BFB}.Release|Any CPU.ActiveCfg = Release|Any CPU
		{B9F9EBA3-8702-4CED-B22D-C9AE015B8BFB}.Release|Any CPU.Build.0 = Release|Any CPU
		{7E98A20F-F936-4B41-8EA7-05334405F418}.Debug|Any CPU.ActiveCfg = Debug|Any CPU
		{7E98A20F-F936-4B41-8EA7-05334405F418}.Debug|Any CPU.Build.0 = Debug|Any CPU
		{7E98A20F-F936-4B41-8EA7-05334405F418}.Release|Any CPU.ActiveCfg = Release|Any CPU
		{7E98A20F-F936-4B41-8EA7-05334405F418}.Release|Any CPU.Build.0 = Release|Any CPU
		{E1158606-AC31-4FC9-B3DE-0318FAEAC901}.Debug|Any CPU.ActiveCfg = Debug|Any CPU
		{E1158606-AC31-4FC9-B3DE-0318FAEAC901}.Debug|Any CPU.Build.0 = Debug|Any CPU
		{E1158606-AC31-4FC9-B3DE-0318FAEAC901}.Release|Any CPU.ActiveCfg = Release|Any CPU
		{E1158606-AC31-4FC9-B3DE-0318FAEAC901}.Release|Any CPU.Build.0 = Release|Any CPU
	EndGlobalSection
	GlobalSection(SolutionProperties) = preSolution
		HideSolutionNode = FALSE
	EndGlobalSection
	GlobalSection(ExtensibilityGlobals) = postSolution
		SolutionGuid = {44D42B62-71C6-4CB3-B877-6321B0EE1BAF}
	EndGlobalSection
EndGlobal
